{
  "version": "4",
  "specifiers": {
    "jsr:@db/sqlite@0.11": "0.11.1",
    "jsr:@denosaurs/plug@1": "1.0.6",
    "jsr:@dx/reflect@*": "0.2.14",
    "jsr:@std/assert@*": "0.221.0",
    "jsr:@std/assert@0.217": "0.217.0",
    "jsr:@std/assert@0.221": "0.221.0",
    "jsr:@std/encoding@0.221": "0.221.0",
    "jsr:@std/fmt@0.221": "0.221.0",
    "jsr:@std/fs@0.221": "0.221.0",
    "jsr:@std/path@0.217": "0.217.0",
    "jsr:@std/path@0.221": "0.221.0",
    "jsr:@wei/pluralize@*": "8.0.2",
    "npm:@deepkit/type@*": "1.0.1-alpha.155_@deepkit+core@1.0.1-alpha.154",
    "npm:debug@*": "4.3.7",
    "npm:julian@*": "0.2.0",
    "npm:julian@0.2.0": "0.2.0",
    "npm:pluralize@*": "8.0.0",
    "npm:pluralize@8.0.0": "8.0.0",
    "npm:uuid@*": "11.0.3",
    "npm:uuid@11.0.3": "11.0.3"
  },
  "jsr": {
    "@db/sqlite@0.11.1": {
      "integrity": "546434e7ed762db07e6ade0f963540dd5e06723b802937bf260ff855b21ef9c5",
      "dependencies": [
        "jsr:@denosaurs/plug",
        "jsr:@std/path@0.217"
      ]
    },
    "@denosaurs/plug@1.0.6": {
      "integrity": "6cf5b9daba7799837b9ffbe89f3450510f588fafef8115ddab1ff0be9cb7c1a7",
      "dependencies": [
        "jsr:@std/encoding",
        "jsr:@std/fmt",
        "jsr:@std/fs",
        "jsr:@std/path@0.221"
      ]
    },
    "@dx/reflect@0.2.14": {
      "integrity": "53e1cb54e25170f43d90966679fcd7d6e0d27e23f4f1c869330d339576f446be"
    },
    "@std/assert@0.217.0": {
      "integrity": "c98e279362ca6982d5285c3b89517b757c1e3477ee9f14eb2fdf80a45aaa9642"
    },
    "@std/assert@0.221.0": {
      "integrity": "a5f1aa6e7909dbea271754fd4ab3f4e687aeff4873b4cef9a320af813adb489a",
      "dependencies": [
        "jsr:@std/fmt"
      ]
    },
    "@std/encoding@0.221.0": {
      "integrity": "d1dd76ef0dc5d14088411e6dc1dede53bf8308c95d1537df1214c97137208e45"
    },
    "@std/fmt@0.221.0": {
      "integrity": "379fed69bdd9731110f26b9085aeb740606b20428ce6af31ef6bd45ef8efa62a"
    },
    "@std/fs@0.221.0": {
      "integrity": "028044450299de8ed5a716ade4e6d524399f035513b85913794f4e81f07da286",
      "dependencies": [
        "jsr:@std/assert@0.221",
        "jsr:@std/path@0.221"
      ]
    },
    "@std/path@0.217.0": {
      "integrity": "1217cc25534bca9a2f672d7fe7c6f356e4027df400c0e85c0ef3e4343bc67d11",
      "dependencies": [
        "jsr:@std/assert@0.217"
      ]
    },
    "@std/path@0.221.0": {
      "integrity": "0a36f6b17314ef653a3a1649740cc8db51b25a133ecfe838f20b79a56ebe0095",
      "dependencies": [
        "jsr:@std/assert@0.221"
      ]
    },
    "@wei/pluralize@8.0.2": {
      "integrity": "098d520ff80f35013aeb1f71964856c5d60eb9cacab1add21a981c32ace72bae"
    }
  },
  "npm": {
    "@deepkit/core@1.0.1-alpha.154": {
      "integrity": "sha512-wgPcfHAs0ITqbP6IzlK3yEocGhNtO2n+AQnwzllkMVf/kBS2yCjuZnbBX6mEwwOLT7dgoK0Xk3UFN8loZNj8mA==",
      "dependencies": [
        "dot-prop",
        "to-fast-properties"
      ]
    },
    "@deepkit/type-spec@1.0.1-alpha.116": {
      "integrity": "sha512-8LDtbhLlZTKJGocdmpB/Td5nor5Pm90i4TuZbRIJEAofuEFAXM80tT7xZZLl9AFtGJaATZd7Lv0jViwspXKvxg=="
    },
    "@deepkit/type@1.0.1-alpha.155_@deepkit+core@1.0.1-alpha.154": {
      "integrity": "sha512-hVzR+D5yz2D9Bld/YE4bw8eqv7w21pV1XGqaQJWxKjaZjWiy5HVS7K1WQGzwU1ZbhDepnTlBzG6jmIM1iYn9eQ==",
      "dependencies": [
        "@deepkit/core",
        "@deepkit/type-spec",
        "@types/uuid",
        "buffer",
        "uuid@8.3.2"
      ]
    },
    "@types/uuid@8.3.4": {
      "integrity": "sha512-c/I8ZRb51j+pYGAu5CrFMRxqZ2ke4y2grEBO5AUjgSkSk+qT2Ea+OdWElz/OiMf5MNpn2b17kuVBwZLQJXzihw=="
    },
    "base64-js@1.5.1": {
      "integrity": "sha512-AKpaYlHn8t4SVbOHCy+b5+KKgvR4vrsD8vbvrbiQJps7fKDTkjkDry6ji0rUJjC0kzbNePLwzxq8iypo41qeWA=="
    },
    "buffer@5.7.1": {
      "integrity": "sha512-EHcyIPBQ4BSGlvjB16k5KgAJ27CIsHY/2JBmCRReo48y9rQ3MaUzWX3KVlBa4U7MyX02HdVj0K7C3WaB3ju7FQ==",
      "dependencies": [
        "base64-js",
        "ieee754"
      ]
    },
    "debug@4.3.7": {
      "integrity": "sha512-Er2nc/H7RrMXZBFCEim6TCmMk02Z8vLC2Rbi1KEBggpo0fS6l0S1nnapwmIi3yW/+GOJap1Krg4w0Hg80oCqgQ==",
      "dependencies": [
        "ms"
      ]
    },
    "dot-prop@5.3.0": {
      "integrity": "sha512-QM8q3zDe58hqUqjraQOmzZ1LIH9SWQJTlEKCH4kJ2oQvLZk7RbQXvtDM2XEq3fwkV9CCvvH4LA0AV+ogFsBM2Q==",
      "dependencies": [
        "is-obj"
      ]
    },
    "ieee754@1.2.1": {
      "integrity": "sha512-dcyqhDvX1C46lXZcVqCpK+FtMRQVdIMN6/Df5js2zouUsqG7I6sFxitIC+7KYK29KdXOLHdu9zL4sFnoVQnqaA=="
    },
    "is-obj@2.0.0": {
      "integrity": "sha512-drqDG3cbczxxEJRoOXcOjtdp1J/lyp1mNn0xaznRs8+muBhgQcrnbspox5X5fOw0HnMnbfDzvnEMEtqDEJEo8w=="
    },
    "julian@0.2.0": {
      "integrity": "sha512-rpBcYy7SiT9ogHfxcJQDLycCVGx7nTvAbu0wm3dVnpY71P7asAFT5oOOLrlsDqQYS6qenhE/NHfhtMR7AQqWSQ=="
    },
    "ms@2.1.3": {
      "integrity": "sha512-6FlzubTLZG3J2a/NVCAleEhjzq5oxgHyaCU9yYXvcLsvoVaHJq/s5xXI6/XXP6tz7R9xAOtHnSO/tXtF3WRTlA=="
    },
    "pluralize@8.0.0": {
      "integrity": "sha512-Nc3IT5yHzflTfbjgqWcCPpo7DaKy4FnpB0l/zCAW0Tc7jxAiuqSxHasntB3D7887LSrA93kDJ9IXovxJYxyLCA=="
    },
    "to-fast-properties@3.0.1": {
      "integrity": "sha512-/wtNi1tW1F3nf0OL6AqVxGw9Tr1ET70InMhJuVxPwFdGqparF0nQ4UWGLf2DsoI2bFDtthlBnALncZpUzOnsUw=="
    },
    "uuid@11.0.3": {
      "integrity": "sha512-d0z310fCWv5dJwnX1Y/MncBAqGMKEzlBb1AOf7z9K8ALnd0utBX/msg/fA0+sbyN1ihbMsLhrBlnl1ak7Wa0rg=="
    },
    "uuid@8.3.2": {
      "integrity": "sha512-+NYs2QeMWy+GWFOEm9xnn6HCDp0l7QBD7ml8zLUmJ+93Q5NF0NocErnwkTkXVFNiX3/fpC6afS8Dhb/gz7R7eg=="
    }
  },
  "redirects": {
    "https://deno.land/x/debug/mod.ts": "https://deno.land/x/debug@0.2.0/mod.ts"
  },
  "remote": {
    "https://deno.land/std@0.69.0/encoding/base64.ts": "79c67b8a9d911eff89cafd84749587a2851a7bb3bed4e952f6cf4c2ff97ae120",
    "https://deno.land/std@0.69.0/encoding/hex.ts": "8dc1489e66b22fec26950c7a55391b12be0d9f9a80cbc7b422700cdff85cd2f7",
    "https://deno.land/std@0.69.0/encoding/utf8.ts": "8654fa820aa69a37ec5eb11908e20b39d056c9bf1c23ab294303ff467f3d50a1",
    "https://deno.land/std@0.69.0/fmt/colors.ts": "ce9375edade12ca09c257743f223fc469d72578d0c74a55cbf1a34f6198ce3df",
    "https://deno.land/std@0.69.0/hash/_wasm/hash.ts": "005f64c4d9343ecbc91e0da9ae5e800f146c20930ad829bbb872c5c06bd89c5f",
    "https://deno.land/std@0.69.0/hash/_wasm/wasm.js": "10c91f7551443bd49b8ced10df7d5c2ce9a447d224eccc6d51f77730e074cdfe",
    "https://deno.land/std@0.69.0/hash/hasher.ts": "099c9e2a91b9f106b9f01379705e17e7d9de392ee1ea2b8684a2adfa82ac3bfc",
    "https://deno.land/std@0.69.0/hash/mod.ts": "e764a6a9ab2f5519a97f928e17cc13d984e3dd5c7f742ff9c1c8fb3114790f0c",
    "https://deno.land/x/debug@0.2.0/colors.ts": "a05af5a6bc4fabb79db34ca215f177f010eafe09a3cd2278e142a122bfab5585",
    "https://deno.land/x/debug@0.2.0/debug.ts": "6378213af1826e6ad870d8ffb075336ce64ea33b472ea952a38fcd6b68ee54ec",
    "https://deno.land/x/debug@0.2.0/deps.ts": "c00793c24e4d0a15c796c7ef3b9a9a3ac4ea06cad9ef7c68bcb538310e262ea0",
    "https://deno.land/x/debug@0.2.0/format.ts": "e5c81071cdb2e529b2dc3aa379428217a49af45bf59b6511812e2bba9023f1bc",
    "https://deno.land/x/debug@0.2.0/mod.ts": "32e961550c7358a88a9bb2606ac70eeb168305298f5ae1e9536018d8f0c54118",
    "https://deno.land/x/deno_plural@2.0.0/mod.ts": "9473507398048cb24dbb37b3a220777106c69c28d573898648deb2bb84a7e131",
    "https://deno.land/x/deno_plural@2.0.0/src/denoPlural.ts": "975dd7a85d25b44de78276d7dce93606c2cbbaa48718f5e83ba35af9e823f6f3",
    "https://deno.land/x/deno_plural@2.0.0/src/mod.ts": "b9e42705558be387dbdd76e524b5940b09d7356ffb27a7f388d9a17084a7d9bc",
    "https://deno.land/x/deno_plural@2.0.0/src/rules/en.ts": "78baa1ea1bde89f23ff5080b6721b49c7e33f0abf8013f0a6b34ecba7ac7a63c",
    "https://deno.land/x/deno_plural@2.0.0/src/types.ts": "9382d30f8cb2c0875a9021fb152323587f905b4e71510dbccea25af7c854ee2e",
    "https://deno.land/x/deno_plural@2.0.0/src/utils.ts": "d7db0793a17f48156ceb5a1a6efc6d25bea1c243e4ea02a7ccc411902ba26bf5"
  }
}
